
Microsoft Visual Studio Solution File, Format Version 11.00
# Visual Studio 2010
Project("{FAE04EC0-301F-11D3-BF4B-00C04F79EFBC}") = "WP7GameMusicSample", "WP7GameMusicSample\WP7GameMusicSample\WP7GameMusicSample.csproj", "{6E48DC93-7393-4CCC-8CE5-9A3ECC2A36B1}"
EndProject
Project("{96E2B04D-8817-42C6-938A-82C39BA4D311}") = "WP7GameMusicSampleContent", "WP7GameMusicSample\WP7GameMusicSampleContent\WP7GameMusicSampleContent.contentproj", "{5FD23302-30BC-4E76-A76C-0F44BBB5DDFB}"
EndProject
Global
	GlobalSection(SolutionConfigurationPlatforms) = preSolution
		Debug|Windows Phone = Debug|Windows Phone
		Release|Windows Phone = Release|Windows Phone
	EndGlobalSection
	GlobalSection(ProjectConfigurationPlatforms) = postSolution
		{6E48DC93-7393-4CCC-8CE5-9A3ECC2A36B1}.Debug|Windows Phone.ActiveCfg = Debug|Windows Phone
		{6E48DC93-7393-4CCC-8CE5-9A3ECC2A36B1}.Debug|Windows Phone.Build.0 = Debug|Windows Phone
		{6E48DC93-7393-4CCC-8CE5-9A3ECC2A36B1}.Debug|Windows Phone.Deploy.0 = Debug|Windows Phone
		{6E48DC93-7393-4CCC-8CE5-9A3ECC2A36B1}.Release|Windows Phone.ActiveCfg = Release|Windows Phone
		{6E48DC93-7393-4CCC-8CE5-9A3ECC2A36B1}.Release|Windows Phone.Build.0 = Release|Windows Phone
		{6E48DC93-7393-4CCC-8CE5-9A3ECC2A36B1}.Release|Windows Phone.Deploy.0 = Release|Windows Phone
		{5FD23302-30BC-4E76-A76C-0F44BBB5DDFB}.Debug|Windows Phone.ActiveCfg = Debug|Windows Phone
		{5FD23302-30BC-4E76-A76C-0F44BBB5DDFB}.Release|Windows Phone.ActiveCfg = Release|Windows Phone
	EndGlobalSection
	GlobalSection(SolutionProperties) = preSolution
		HideSolutionNode = FALSE
	EndGlobalSection
EndGlobal
