
Microsoft Visual Studio Solution File, Format Version 11.00
# Visual Studio 2010
Project("{FAE04EC0-301F-11D3-BF4B-00C04F79EFBC}") = "WP7GameDriveAndDodge", "WP7GameDriveAndDodge\WP7GameDriveAndDodge\WP7GameDriveAndDodge.csproj", "{14DC1B6A-5AFA-4A08-9993-3857D1404DF1}"
EndProject
Project("{96E2B04D-8817-42C6-938A-82C39BA4D311}") = "WP7GameDriveAndDodgeContent", "WP7GameDriveAndDodge\WP7GameDriveAndDodgeContent\WP7GameDriveAndDodgeContent.contentproj", "{65530A32-D942-46FA-983A-188407643213}"
EndProject
Global
	GlobalSection(SolutionConfigurationPlatforms) = preSolution
		Debug|Windows Phone = Debug|Windows Phone
		Release|Windows Phone = Release|Windows Phone
	EndGlobalSection
	GlobalSection(ProjectConfigurationPlatforms) = postSolution
		{14DC1B6A-5AFA-4A08-9993-3857D1404DF1}.Debug|Windows Phone.ActiveCfg = Debug|Windows Phone
		{14DC1B6A-5AFA-4A08-9993-3857D1404DF1}.Debug|Windows Phone.Build.0 = Debug|Windows Phone
		{14DC1B6A-5AFA-4A08-9993-3857D1404DF1}.Debug|Windows Phone.Deploy.0 = Debug|Windows Phone
		{14DC1B6A-5AFA-4A08-9993-3857D1404DF1}.Release|Windows Phone.ActiveCfg = Release|Windows Phone
		{14DC1B6A-5AFA-4A08-9993-3857D1404DF1}.Release|Windows Phone.Build.0 = Release|Windows Phone
		{14DC1B6A-5AFA-4A08-9993-3857D1404DF1}.Release|Windows Phone.Deploy.0 = Release|Windows Phone
		{65530A32-D942-46FA-983A-188407643213}.Debug|Windows Phone.ActiveCfg = Debug|Windows Phone
		{65530A32-D942-46FA-983A-188407643213}.Release|Windows Phone.ActiveCfg = Release|Windows Phone
	EndGlobalSection
	GlobalSection(SolutionProperties) = preSolution
		HideSolutionNode = FALSE
	EndGlobalSection
EndGlobal
