
Microsoft Visual Studio Solution File, Format Version 11.00
# Visual Studio 2010
Project("{FAE04EC0-301F-11D3-BF4B-00C04F79EFBC}") = "PluralsightDataBindings4DepProperty", "PluralsightDataBindings4DepProperty\PluralsightDataBindings4DepProperty.csproj", "{1FAACE85-39D1-4F05-9C87-BF80F7BD3A1E}"
EndProject
Global
	GlobalSection(SolutionConfigurationPlatforms) = preSolution
		Debug|Any CPU = Debug|Any CPU
		Release|Any CPU = Release|Any CPU
	EndGlobalSection
	GlobalSection(ProjectConfigurationPlatforms) = postSolution
		{1FAACE85-39D1-4F05-9C87-BF80F7BD3A1E}.Debug|Any CPU.ActiveCfg = Debug|Any CPU
		{1FAACE85-39D1-4F05-9C87-BF80F7BD3A1E}.Debug|Any CPU.Build.0 = Debug|Any CPU
		{1FAACE85-39D1-4F05-9C87-BF80F7BD3A1E}.Debug|Any CPU.Deploy.0 = Debug|Any CPU
		{1FAACE85-39D1-4F05-9C87-BF80F7BD3A1E}.Release|Any CPU.ActiveCfg = Release|Any CPU
		{1FAACE85-39D1-4F05-9C87-BF80F7BD3A1E}.Release|Any CPU.Build.0 = Release|Any CPU
		{1FAACE85-39D1-4F05-9C87-BF80F7BD3A1E}.Release|Any CPU.Deploy.0 = Release|Any CPU
	EndGlobalSection
	GlobalSection(SolutionProperties) = preSolution
		HideSolutionNode = FALSE
	EndGlobalSection
EndGlobal
