
Microsoft Visual Studio Solution File, Format Version 11.00
# Visual Studio 2010
Project("{FAE04EC0-301F-11D3-BF4B-00C04F79EFBC}") = "PSDataBindingsBindingToPOCOs", "PSDataBindingsBindingToPOCOs\PSDataBindingsBindingToPOCOs.csproj", "{EDBEE716-32C1-4279-80C8-C0089306F23B}"
EndProject
Global
	GlobalSection(SolutionConfigurationPlatforms) = preSolution
		Debug|Any CPU = Debug|Any CPU
		Release|Any CPU = Release|Any CPU
	EndGlobalSection
	GlobalSection(ProjectConfigurationPlatforms) = postSolution
		{EDBEE716-32C1-4279-80C8-C0089306F23B}.Debug|Any CPU.ActiveCfg = Debug|Any CPU
		{EDBEE716-32C1-4279-80C8-C0089306F23B}.Debug|Any CPU.Build.0 = Debug|Any CPU
		{EDBEE716-32C1-4279-80C8-C0089306F23B}.Debug|Any CPU.Deploy.0 = Debug|Any CPU
		{EDBEE716-32C1-4279-80C8-C0089306F23B}.Release|Any CPU.ActiveCfg = Release|Any CPU
		{EDBEE716-32C1-4279-80C8-C0089306F23B}.Release|Any CPU.Build.0 = Release|Any CPU
		{EDBEE716-32C1-4279-80C8-C0089306F23B}.Release|Any CPU.Deploy.0 = Release|Any CPU
	EndGlobalSection
	GlobalSection(SolutionProperties) = preSolution
		HideSolutionNode = FALSE
	EndGlobalSection
EndGlobal
