
Microsoft Visual Studio Solution File, Format Version 11.00
# Visual Studio 2010
Project("{FAE04EC0-301F-11D3-BF4B-00C04F79EFBC}") = "WP7GameSimpleSounds", "WP7GameSimpleSounds\WP7GameSimpleSounds\WP7GameSimpleSounds.csproj", "{E2052D36-F395-49FD-A97B-649DB30CA930}"
EndProject
Project("{96E2B04D-8817-42C6-938A-82C39BA4D311}") = "WP7GameSimpleSoundsContent", "WP7GameSimpleSounds\WP7GameSimpleSoundsContent\WP7GameSimpleSoundsContent.contentproj", "{3709CF2C-F693-4AB9-810B-602BA7BD8CCB}"
EndProject
Global
	GlobalSection(SolutionConfigurationPlatforms) = preSolution
		Debug|Windows Phone = Debug|Windows Phone
		Release|Windows Phone = Release|Windows Phone
	EndGlobalSection
	GlobalSection(ProjectConfigurationPlatforms) = postSolution
		{E2052D36-F395-49FD-A97B-649DB30CA930}.Debug|Windows Phone.ActiveCfg = Debug|Windows Phone
		{E2052D36-F395-49FD-A97B-649DB30CA930}.Debug|Windows Phone.Build.0 = Debug|Windows Phone
		{E2052D36-F395-49FD-A97B-649DB30CA930}.Debug|Windows Phone.Deploy.0 = Debug|Windows Phone
		{E2052D36-F395-49FD-A97B-649DB30CA930}.Release|Windows Phone.ActiveCfg = Release|Windows Phone
		{E2052D36-F395-49FD-A97B-649DB30CA930}.Release|Windows Phone.Build.0 = Release|Windows Phone
		{E2052D36-F395-49FD-A97B-649DB30CA930}.Release|Windows Phone.Deploy.0 = Release|Windows Phone
		{3709CF2C-F693-4AB9-810B-602BA7BD8CCB}.Debug|Windows Phone.ActiveCfg = Debug|Windows Phone
		{3709CF2C-F693-4AB9-810B-602BA7BD8CCB}.Release|Windows Phone.ActiveCfg = Release|Windows Phone
	EndGlobalSection
	GlobalSection(SolutionProperties) = preSolution
		HideSolutionNode = FALSE
	EndGlobalSection
EndGlobal
